%{"earmark": {:hex, :earmark, "1.0.3", "89bdbaf2aca8bbb5c97d8b3b55c5dd0cff517ecc78d417e87f1d0982e514557b", [:mix], []},
  "ex_doc": {:hex, :ex_doc, "0.14.5", "c0433c8117e948404d93ca69411dd575ec6be39b47802e81ca8d91017a0cf83c", [:mix], [{:earmark, "~> 1.0", [hex: :earmark, optional: false]}]},
  "iconv": {:hex, :iconv, "1.0.3", "f5c159f7e0ad2a3b55c6b5528ce71d7926f206df2f9bf83201a77cf1bc91c6f0", [:rebar3], [{:p1_utils, "1.0.6", [hex: :p1_utils, optional: false]}]},
  "p1_utils": {:hex, :p1_utils, "1.0.6", "ef0951ddf38e92b7e479af4b8dc950df76af8c1030432ef68b7fd7ad17c436fe", [:rebar3], []}}
